
Microsoft Visual Studio Solution File, Format Version 12.00
# Visual Studio 15
VisualStudioVersion = 15.0.28307.1525
MinimumVisualStudioVersion = 10.0.40219.1
Project("{FAE04EC0-301F-11D3-BF4B-00C04F79EFBC}") = "libraryManagementSystem", "libraryManagementSystem\libraryManagementSystem.csproj", "{6693AA3E-9865-4878-882F-999409E3B456}"
EndProject
Global
	GlobalSection(SolutionConfigurationPlatforms) = preSolution
		Debug|Any CPU = Debug|Any CPU
		Release|Any CPU = Release|Any CPU
	EndGlobalSection
	GlobalSection(ProjectConfigurationPlatforms) = postSolution
		{6693AA3E-9865-4878-882F-999409E3B456}.Debug|Any CPU.ActiveCfg = Debug|Any CPU
		{6693AA3E-9865-4878-882F-999409E3B456}.Debug|Any CPU.Build.0 = Debug|Any CPU
		{6693AA3E-9865-4878-882F-999409E3B456}.Release|Any CPU.ActiveCfg = Release|Any CPU
		{6693AA3E-9865-4878-882F-999409E3B456}.Release|Any CPU.Build.0 = Release|Any CPU
	EndGlobalSection
	GlobalSection(SolutionProperties) = preSolution
		HideSolutionNode = FALSE
	EndGlobalSection
	GlobalSection(ExtensibilityGlobals) = postSolution
		SolutionGuid = {100B4F1F-C489-4DFA-85F4-1C6227C064F8}
	EndGlobalSection
EndGlobal
